
Microsoft Visual Studio Solution File, Format Version 12.00
# Visual Studio Version 17
VisualStudioVersion = 17.2.32630.192
MinimumVisualStudioVersion = 10.0.40219.1
Project("{FAE04EC0-301F-11D3-BF4B-00C04F79EFBC}") = "ShotGunGame", "ShotGunGame\ShotGunGame.csproj", "{29309806-89BF-4285-A3B7-854E4D0B6A60}"
EndProject
Global
	GlobalSection(SolutionConfigurationPlatforms) = preSolution
		Debug|Any CPU = Debug|Any CPU
		Release|Any CPU = Release|Any CPU
	EndGlobalSection
	GlobalSection(ProjectConfigurationPlatforms) = postSolution
		{29309806-89BF-4285-A3B7-854E4D0B6A60}.Debug|Any CPU.ActiveCfg = Debug|Any CPU
		{29309806-89BF-4285-A3B7-854E4D0B6A60}.Debug|Any CPU.Build.0 = Debug|Any CPU
		{29309806-89BF-4285-A3B7-854E4D0B6A60}.Release|Any CPU.ActiveCfg = Release|Any CPU
		{29309806-89BF-4285-A3B7-854E4D0B6A60}.Release|Any CPU.Build.0 = Release|Any CPU
	EndGlobalSection
	GlobalSection(SolutionProperties) = preSolution
		HideSolutionNode = FALSE
	EndGlobalSection
	GlobalSection(ExtensibilityGlobals) = postSolution
		SolutionGuid = {BD635574-A94A-43AA-B44E-6EF5A804006D}
	EndGlobalSection
EndGlobal
